// !$*UTF8*$!
{
	archiveVersion = 1;
	classes = {
	};
	objectVersion = 56;
	objects = {

/* Begin PBXBuildFile section */
		C67AA01C2D21B75A001AA932 /* UserProfileView.swift in Sources */ = {isa = PBXBuildFile; fileRef = C67AA01B2D21B75A001AA932 /* UserProfileView.swift */; };
		C67AA01E2D21B762001AA932 /* User.swift in Sources */ = {isa = PBXBuildFile; fileRef = C67AA01D2D21B762001AA932 /* User.swift */; };
		C67AA0202D21BA79001AA932 /* UserSetupView.swift in Sources */ = {isa = PBXBuildFile; fileRef = C67AA01F2D21BA79001AA932 /* UserSetupView.swift */; };
		C67AA0232D21C115001AA932 /* Court.swift in Sources */ = {isa = PBXBuildFile; fileRef = C67AA0212D21C115001AA932 /* Court.swift */; };
		C67AA0242D21C115001AA932 /* Facility.swift in Sources */ = {isa = PBXBuildFile; fileRef = C67AA0222D21C115001AA932 /* Facility.swift */; };
		C67AA0262D21C11D001AA932 /* FacilitiesView.swift in Sources */ = {isa = PBXBuildFile; fileRef = C67AA0252D21C11D001AA932 /* FacilitiesView.swift */; };
		C67AA0282D21C191001AA932 /* FacilityDetailView.swift in Sources */ = {isa = PBXBuildFile; fileRef = C67AA0272D21C191001AA932 /* FacilityDetailView.swift */; };
		C67AA02A2D21C2FD001AA932 /* SampleData.swift in Sources */ = {isa = PBXBuildFile; fileRef = C67AA0292D21C2FD001AA932 /* SampleData.swift */; };
		C6CF9EE52D1C08D70084E56B /* PadelAppApp.swift in Sources */ = {isa = PBXBuildFile; fileRef = C6CF9EE42D1C08D70084E56B /* PadelAppApp.swift */; };
		C6CF9EE72D1C08D70084E56B /* ContentView.swift in Sources */ = {isa = PBXBuildFile; fileRef = C6CF9EE62D1C08D70084E56B /* ContentView.swift */; };
		C6CF9EE92D1C08D80084E56B /* Assets.xcassets in Resources */ = {isa = PBXBuildFile; fileRef = C6CF9EE82D1C08D80084E56B /* Assets.xcassets */; };
		C6CF9EEC2D1C08D80084E56B /* Preview Assets.xcassets in Resources */ = {isa = PBXBuildFile; fileRef = C6CF9EEB2D1C08D80084E56B /* Preview Assets.xcassets */; };
		C6CF9EF62D1C0B880084E56B /* FirebaseAnalytics in Frameworks */ = {isa = PBXBuildFile; productRef = C6CF9EF52D1C0B880084E56B /* FirebaseAnalytics */; };
		C6CF9EF82D1C0B880084E56B /* FirebaseAnalyticsOnDeviceConversion in Frameworks */ = {isa = PBXBuildFile; productRef = C6CF9EF72D1C0B880084E56B /* FirebaseAnalyticsOnDeviceConversion */; };
		C6CF9EFA2D1C0B880084E56B /* FirebaseAnalyticsWithoutAdIdSupport in Frameworks */ = {isa = PBXBuildFile; productRef = C6CF9EF92D1C0B880084E56B /* FirebaseAnalyticsWithoutAdIdSupport */; };
		C6CF9EFC2D1C0B880084E56B /* FirebaseAppCheck in Frameworks */ = {isa = PBXBuildFile; productRef = C6CF9EFB2D1C0B880084E56B /* FirebaseAppCheck */; };
		C6CF9EFE2D1C0B880084E56B /* FirebaseAppDistribution-Beta in Frameworks */ = {isa = PBXBuildFile; productRef = C6CF9EFD2D1C0B880084E56B /* FirebaseAppDistribution-Beta */; };
		C6CF9F002D1C0B880084E56B /* FirebaseAuth in Frameworks */ = {isa = PBXBuildFile; productRef = C6CF9EFF2D1C0B880084E56B /* FirebaseAuth */; };
		C6CF9F022D1C0B880084E56B /* FirebaseAuthCombine-Community in Frameworks */ = {isa = PBXBuildFile; productRef = C6CF9F012D1C0B880084E56B /* FirebaseAuthCombine-Community */; };
		C6CF9F042D1C0B880084E56B /* FirebaseCore in Frameworks */ = {isa = PBXBuildFile; productRef = C6CF9F032D1C0B880084E56B /* FirebaseCore */; };
		C6CF9F062D1C0B880084E56B /* FirebaseCrashlytics in Frameworks */ = {isa = PBXBuildFile; productRef = C6CF9F052D1C0B880084E56B /* FirebaseCrashlytics */; };
		C6CF9F082D1C0B880084E56B /* FirebaseDatabase in Frameworks */ = {isa = PBXBuildFile; productRef = C6CF9F072D1C0B880084E56B /* FirebaseDatabase */; };
		C6CF9F0A2D1C0B880084E56B /* FirebaseDynamicLinks in Frameworks */ = {isa = PBXBuildFile; productRef = C6CF9F092D1C0B880084E56B /* FirebaseDynamicLinks */; };
		C6CF9F0C2D1C0B880084E56B /* FirebaseFirestore in Frameworks */ = {isa = PBXBuildFile; productRef = C6CF9F0B2D1C0B880084E56B /* FirebaseFirestore */; };
		C6CF9F0E2D1C0B880084E56B /* FirebaseFirestoreCombine-Community in Frameworks */ = {isa = PBXBuildFile; productRef = C6CF9F0D2D1C0B880084E56B /* FirebaseFirestoreCombine-Community */; };
		C6CF9F102D1C0B880084E56B /* FirebaseFunctions in Frameworks */ = {isa = PBXBuildFile; productRef = C6CF9F0F2D1C0B880084E56B /* FirebaseFunctions */; };
		C6CF9F122D1C0B880084E56B /* FirebaseFunctionsCombine-Community in Frameworks */ = {isa = PBXBuildFile; productRef = C6CF9F112D1C0B880084E56B /* FirebaseFunctionsCombine-Community */; };
		C6CF9F142D1C0B880084E56B /* FirebaseInAppMessaging-Beta in Frameworks */ = {isa = PBXBuildFile; productRef = C6CF9F132D1C0B880084E56B /* FirebaseInAppMessaging-Beta */; };
		C6CF9F162D1C0B880084E56B /* FirebaseInstallations in Frameworks */ = {isa = PBXBuildFile; productRef = C6CF9F152D1C0B880084E56B /* FirebaseInstallations */; };
		C6CF9F182D1C0B880084E56B /* FirebaseMLModelDownloader in Frameworks */ = {isa = PBXBuildFile; productRef = C6CF9F172D1C0B880084E56B /* FirebaseMLModelDownloader */; };
		C6CF9F1A2D1C0B880084E56B /* FirebaseMessaging in Frameworks */ = {isa = PBXBuildFile; productRef = C6CF9F192D1C0B880084E56B /* FirebaseMessaging */; };
		C6CF9F1C2D1C0B880084E56B /* FirebasePerformance in Frameworks */ = {isa = PBXBuildFile; productRef = C6CF9F1B2D1C0B880084E56B /* FirebasePerformance */; };
		C6CF9F1E2D1C0B880084E56B /* FirebaseStorage in Frameworks */ = {isa = PBXBuildFile; productRef = C6CF9F1D2D1C0B880084E56B /* FirebaseStorage */; };
		C6CF9F202D1C0B880084E56B /* FirebaseStorageCombine-Community in Frameworks */ = {isa = PBXBuildFile; productRef = C6CF9F1F2D1C0B880084E56B /* FirebaseStorageCombine-Community */; };
		C6CF9F222D1C0B880084E56B /* FirebaseVertexAI in Frameworks */ = {isa = PBXBuildFile; productRef = C6CF9F212D1C0B880084E56B /* FirebaseVertexAI */; };
		C6CF9F242D1C0CEE0084E56B /* AuthView.swift in Sources */ = {isa = PBXBuildFile; fileRef = C6CF9F232D1C0CEE0084E56B /* AuthView.swift */; };
		C6CF9F282D1C0FEA0084E56B /* GoogleService-Info.plist in Resources */ = {isa = PBXBuildFile; fileRef = C6CF9F272D1C0FEA0084E56B /* GoogleService-Info.plist */; };
		C6CF9F2A2D1C14370084E56B /* HomeView.swift in Sources */ = {isa = PBXBuildFile; fileRef = C6CF9F292D1C14370084E56B /* HomeView.swift */; };
/* End PBXBuildFile section */

/* Begin PBXFileReference section */
		C67AA01B2D21B75A001AA932 /* UserProfileView.swift */ = {isa = PBXFileReference; fileEncoding = 4; lastKnownFileType = sourcecode.swift; name = UserProfileView.swift; path = Views/UserProfileView.swift; sourceTree = "<group>"; };
		C67AA01D2D21B762001AA932 /* User.swift */ = {isa = PBXFileReference; fileEncoding = 4; lastKnownFileType = sourcecode.swift; name = User.swift; path = Models/User.swift; sourceTree = "<group>"; };
		C67AA01F2D21BA79001AA932 /* UserSetupView.swift */ = {isa = PBXFileReference; fileEncoding = 4; lastKnownFileType = sourcecode.swift; name = UserSetupView.swift; path = Views/UserSetupView.swift; sourceTree = "<group>"; };
		C67AA0212D21C115001AA932 /* Court.swift */ = {isa = PBXFileReference; fileEncoding = 4; lastKnownFileType = sourcecode.swift; name = Court.swift; path = Models/Court.swift; sourceTree = "<group>"; };
		C67AA0222D21C115001AA932 /* Facility.swift */ = {isa = PBXFileReference; fileEncoding = 4; lastKnownFileType = sourcecode.swift; name = Facility.swift; path = Models/Facility.swift; sourceTree = "<group>"; };
		C67AA0252D21C11D001AA932 /* FacilitiesView.swift */ = {isa = PBXFileReference; fileEncoding = 4; lastKnownFileType = sourcecode.swift; name = FacilitiesView.swift; path = Views/FacilitiesView.swift; sourceTree = "<group>"; };
		C67AA0272D21C191001AA932 /* FacilityDetailView.swift */ = {isa = PBXFileReference; fileEncoding = 4; lastKnownFileType = sourcecode.swift; name = FacilityDetailView.swift; path = Views/FacilityDetailView.swift; sourceTree = "<group>"; };
		C67AA0292D21C2FD001AA932 /* SampleData.swift */ = {isa = PBXFileReference; fileEncoding = 4; lastKnownFileType = sourcecode.swift; name = SampleData.swift; path = Utils/SampleData.swift; sourceTree = "<group>"; };
		C6CF9EE12D1C08D70084E56B /* PadelApp.app */ = {isa = PBXFileReference; explicitFileType = wrapper.application; includeInIndex = 0; path = PadelApp.app; sourceTree = BUILT_PRODUCTS_DIR; };
		C6CF9EE42D1C08D70084E56B /* PadelAppApp.swift */ = {isa = PBXFileReference; lastKnownFileType = sourcecode.swift; path = PadelAppApp.swift; sourceTree = "<group>"; };
		C6CF9EE62D1C08D70084E56B /* ContentView.swift */ = {isa = PBXFileReference; lastKnownFileType = sourcecode.swift; path = ContentView.swift; sourceTree = "<group>"; };
		C6CF9EE82D1C08D80084E56B /* Assets.xcassets */ = {isa = PBXFileReference; lastKnownFileType = folder.assetcatalog; path = Assets.xcassets; sourceTree = "<group>"; };
		C6CF9EEB2D1C08D80084E56B /* Preview Assets.xcassets */ = {isa = PBXFileReference; lastKnownFileType = folder.assetcatalog; path = "Preview Assets.xcassets"; sourceTree = "<group>"; };
		C6CF9F232D1C0CEE0084E56B /* AuthView.swift */ = {isa = PBXFileReference; fileEncoding = 4; lastKnownFileType = sourcecode.swift; path = AuthView.swift; sourceTree = "<group>"; };
		C6CF9F272D1C0FEA0084E56B /* GoogleService-Info.plist */ = {isa = PBXFileReference; fileEncoding = 4; lastKnownFileType = text.plist.xml; name = "GoogleService-Info.plist"; path = "../../../../Downloads/GoogleService-Info.plist"; sourceTree = "<group>"; };
		C6CF9F292D1C14370084E56B /* HomeView.swift */ = {isa = PBXFileReference; fileEncoding = 4; lastKnownFileType = sourcecode.swift; path = HomeView.swift; sourceTree = "<group>"; };
/* End PBXFileReference section */

/* Begin PBXFrameworksBuildPhase section */
		C6CF9EDE2D1C08D70084E56B /* Frameworks */ = {
			isa = PBXFrameworksBuildPhase;
			buildActionMask = 2147483647;
			files = (
				C6CF9F202D1C0B880084E56B /* FirebaseStorageCombine-Community in Frameworks */,
				C6CF9F0E2D1C0B880084E56B /* FirebaseFirestoreCombine-Community in Frameworks */,
				C6CF9F102D1C0B880084E56B /* FirebaseFunctions in Frameworks */,
				C6CF9F1C2D1C0B880084E56B /* FirebasePerformance in Frameworks */,
				C6CF9F082D1C0B880084E56B /* FirebaseDatabase in Frameworks */,
				C6CF9F0A2D1C0B880084E56B /* FirebaseDynamicLinks in Frameworks */,
				C6CF9EFC2D1C0B880084E56B /* FirebaseAppCheck in Frameworks */,
				C6CF9F222D1C0B880084E56B /* FirebaseVertexAI in Frameworks */,
				C6CF9F002D1C0B880084E56B /* FirebaseAuth in Frameworks */,
				C6CF9EF62D1C0B880084E56B /* FirebaseAnalytics in Frameworks */,
				C6CF9F0C2D1C0B880084E56B /* FirebaseFirestore in Frameworks */,
				C6CF9F1A2D1C0B880084E56B /* FirebaseMessaging in Frameworks */,
				C6CF9F162D1C0B880084E56B /* FirebaseInstallations in Frameworks */,
				C6CF9F1E2D1C0B880084E56B /* FirebaseStorage in Frameworks */,
				C6CF9F122D1C0B880084E56B /* FirebaseFunctionsCombine-Community in Frameworks */,
				C6CF9EFE2D1C0B880084E56B /* FirebaseAppDistribution-Beta in Frameworks */,
				C6CF9EFA2D1C0B880084E56B /* FirebaseAnalyticsWithoutAdIdSupport in Frameworks */,
				C6CF9F142D1C0B880084E56B /* FirebaseInAppMessaging-Beta in Frameworks */,
				C6CF9F022D1C0B880084E56B /* FirebaseAuthCombine-Community in Frameworks */,
				C6CF9F062D1C0B880084E56B /* FirebaseCrashlytics in Frameworks */,
				C6CF9F182D1C0B880084E56B /* FirebaseMLModelDownloader in Frameworks */,
				C6CF9F042D1C0B880084E56B /* FirebaseCore in Frameworks */,
				C6CF9EF82D1C0B880084E56B /* FirebaseAnalyticsOnDeviceConversion in Frameworks */,
			);
			runOnlyForDeploymentPostprocessing = 0;
		};
/* End PBXFrameworksBuildPhase section */

/* Begin PBXGroup section */
		C6CF9ED82D1C08D70084E56B = {
			isa = PBXGroup;
			children = (
				C6CF9EE32D1C08D70084E56B /* PadelApp */,
				C6CF9EE22D1C08D70084E56B /* Products */,
			);
			sourceTree = "<group>";
		};
		C6CF9EE22D1C08D70084E56B /* Products */ = {
			isa = PBXGroup;
			children = (
				C6CF9EE12D1C08D70084E56B /* PadelApp.app */,
			);
			name = Products;
			sourceTree = "<group>";
		};
		C6CF9EE32D1C08D70084E56B /* PadelApp */ = {
			isa = PBXGroup;
			children = (
				C6CF9EE42D1C08D70084E56B /* PadelAppApp.swift */,
				C6CF9F232D1C0CEE0084E56B /* AuthView.swift */,
				C6CF9EE62D1C08D70084E56B /* ContentView.swift */,
				C67AA0292D21C2FD001AA932 /* SampleData.swift */,
				C67AA01F2D21BA79001AA932 /* UserSetupView.swift */,
				C67AA0252D21C11D001AA932 /* FacilitiesView.swift */,
				C67AA0272D21C191001AA932 /* FacilityDetailView.swift */,
				C67AA01B2D21B75A001AA932 /* UserProfileView.swift */,
				C6CF9F292D1C14370084E56B /* HomeView.swift */,
				C67AA0212D21C115001AA932 /* Court.swift */,
				C67AA0222D21C115001AA932 /* Facility.swift */,
				C67AA01D2D21B762001AA932 /* User.swift */,
				C6CF9F272D1C0FEA0084E56B /* GoogleService-Info.plist */,
				C6CF9EE82D1C08D80084E56B /* Assets.xcassets */,
				C6CF9EEA2D1C08D80084E56B /* Preview Content */,
			);
			path = PadelApp;
			sourceTree = "<group>";
		};
		C6CF9EEA2D1C08D80084E56B /* Preview Content */ = {
			isa = PBXGroup;
			children = (
				C6CF9EEB2D1C08D80084E56B /* Preview Assets.xcassets */,
			);
			path = "Preview Content";
			sourceTree = "<group>";
		};
/* End PBXGroup section */

/* Begin PBXNativeTarget section */
		C6CF9EE02D1C08D70084E56B /* PadelApp */ = {
			isa = PBXNativeTarget;
			buildConfigurationList = C6CF9EEF2D1C08D80084E56B /* Build configuration list for PBXNativeTarget "PadelApp" */;
			buildPhases = (
				C6CF9EDD2D1C08D70084E56B /* Sources */,
				C6CF9EDE2D1C08D70084E56B /* Frameworks */,
				C6CF9EDF2D1C08D70084E56B /* Resources */,
			);
			buildRules = (
			);
			dependencies = (
			);
			name = PadelApp;
			packageProductDependencies = (
				C6CF9EF52D1C0B880084E56B /* FirebaseAnalytics */,
				C6CF9EF72D1C0B880084E56B /* FirebaseAnalyticsOnDeviceConversion */,
				C6CF9EF92D1C0B880084E56B /* FirebaseAnalyticsWithoutAdIdSupport */,
				C6CF9EFB2D1C0B880084E56B /* FirebaseAppCheck */,
				C6CF9EFD2D1C0B880084E56B /* FirebaseAppDistribution-Beta */,
				C6CF9EFF2D1C0B880084E56B /* FirebaseAuth */,
				C6CF9F012D1C0B880084E56B /* FirebaseAuthCombine-Community */,
				C6CF9F032D1C0B880084E56B /* FirebaseCore */,
				C6CF9F052D1C0B880084E56B /* FirebaseCrashlytics */,
				C6CF9F072D1C0B880084E56B /* FirebaseDatabase */,
				C6CF9F092D1C0B880084E56B /* FirebaseDynamicLinks */,
				C6CF9F0B2D1C0B880084E56B /* FirebaseFirestore */,
				C6CF9F0D2D1C0B880084E56B /* FirebaseFirestoreCombine-Community */,
				C6CF9F0F2D1C0B880084E56B /* FirebaseFunctions */,
				C6CF9F112D1C0B880084E56B /* FirebaseFunctionsCombine-Community */,
				C6CF9F132D1C0B880084E56B /* FirebaseInAppMessaging-Beta */,
				C6CF9F152D1C0B880084E56B /* FirebaseInstallations */,
				C6CF9F172D1C0B880084E56B /* FirebaseMLModelDownloader */,
				C6CF9F192D1C0B880084E56B /* FirebaseMessaging */,
				C6CF9F1B2D1C0B880084E56B /* FirebasePerformance */,
				C6CF9F1D2D1C0B880084E56B /* FirebaseStorage */,
				C6CF9F1F2D1C0B880084E56B /* FirebaseStorageCombine-Community */,
				C6CF9F212D1C0B880084E56B /* FirebaseVertexAI */,
			);
			productName = PadelApp;
			productReference = C6CF9EE12D1C08D70084E56B /* PadelApp.app */;
			productType = "com.apple.product-type.application";
		};
/* End PBXNativeTarget section */

/* Begin PBXProject section */
		C6CF9ED92D1C08D70084E56B /* Project object */ = {
			isa = PBXProject;
			attributes = {
				BuildIndependentTargetsInParallel = 1;
				LastSwiftUpdateCheck = 1540;
				LastUpgradeCheck = 1540;
				TargetAttributes = {
					C6CF9EE02D1C08D70084E56B = {
						CreatedOnToolsVersion = 15.4;
					};
				};
			};
			buildConfigurationList = C6CF9EDC2D1C08D70084E56B /* Build configuration list for PBXProject "PadelApp" */;
			compatibilityVersion = "Xcode 14.0";
			developmentRegion = en;
			hasScannedForEncodings = 0;
			knownRegions = (
				en,
				Base,
			);
			mainGroup = C6CF9ED82D1C08D70084E56B;
			packageReferences = (
				C6CF9EF42D1C0B880084E56B /* XCRemoteSwiftPackageReference "firebase-ios-sdk" */,
			);
			productRefGroup = C6CF9EE22D1C08D70084E56B /* Products */;
			projectDirPath = "";
			projectRoot = "";
			targets = (
				C6CF9EE02D1C08D70084E56B /* PadelApp */,
			);
		};
/* End PBXProject section */

/* Begin PBXResourcesBuildPhase section */
		C6CF9EDF2D1C08D70084E56B /* Resources */ = {
			isa = PBXResourcesBuildPhase;
			buildActionMask = 2147483647;
			files = (
				C6CF9EEC2D1C08D80084E56B /* Preview Assets.xcassets in Resources */,
				C6CF9EE92D1C08D80084E56B /* Assets.xcassets in Resources */,
				C6CF9F282D1C0FEA0084E56B /* GoogleService-Info.plist in Resources */,
			);
			runOnlyForDeploymentPostprocessing = 0;
		};
/* End PBXResourcesBuildPhase section */

/* Begin PBXSourcesBuildPhase section */
		C6CF9EDD2D1C08D70084E56B /* Sources */ = {
			isa = PBXSourcesBuildPhase;
			buildActionMask = 2147483647;
			files = (
				C67AA01C2D21B75A001AA932 /* UserProfileView.swift in Sources */,
				C6CF9EE72D1C08D70084E56B /* ContentView.swift in Sources */,
				C67AA01E2D21B762001AA932 /* User.swift in Sources */,
				C67AA0262D21C11D001AA932 /* FacilitiesView.swift in Sources */,
				C67AA0242D21C115001AA932 /* Facility.swift in Sources */,
				C67AA0232D21C115001AA932 /* Court.swift in Sources */,
				C67AA0202D21BA79001AA932 /* UserSetupView.swift in Sources */,
				C67AA02A2D21C2FD001AA932 /* SampleData.swift in Sources */,
				C6CF9F2A2D1C14370084E56B /* HomeView.swift in Sources */,
				C67AA0282D21C191001AA932 /* FacilityDetailView.swift in Sources */,
				C6CF9EE52D1C08D70084E56B /* PadelAppApp.swift in Sources */,
				C6CF9F242D1C0CEE0084E56B /* AuthView.swift in Sources */,
			);
			runOnlyForDeploymentPostprocessing = 0;
		};
/* End PBXSourcesBuildPhase section */

/* Begin XCBuildConfiguration section */
		C6CF9EED2D1C08D80084E56B /* Debug */ = {
			isa = XCBuildConfiguration;
			buildSettings = {
				ALWAYS_SEARCH_USER_PATHS = NO;
				ASSETCATALOG_COMPILER_GENERATE_SWIFT_ASSET_SYMBOL_EXTENSIONS = YES;
				CLANG_ANALYZER_NONNULL = YES;
				CLANG_ANALYZER_NUMBER_OBJECT_CONVERSION = YES_AGGRESSIVE;
				CLANG_CXX_LANGUAGE_STANDARD = "gnu++20";
				CLANG_ENABLE_MODULES = YES;
				CLANG_ENABLE_OBJC_ARC = YES;
				CLANG_ENABLE_OBJC_WEAK = YES;
				CLANG_WARN_BLOCK_CAPTURE_AUTORELEASING = YES;
				CLANG_WARN_BOOL_CONVERSION = YES;
				CLANG_WARN_COMMA = YES;
				CLANG_WARN_CONSTANT_CONVERSION = YES;
				CLANG_WARN_DEPRECATED_OBJC_IMPLEMENTATIONS = YES;
				CLANG_WARN_DIRECT_OBJC_ISA_USAGE = YES_ERROR;
				CLANG_WARN_DOCUMENTATION_COMMENTS = YES;
				CLANG_WARN_EMPTY_BODY = YES;
				CLANG_WARN_ENUM_CONVERSION = YES;
				CLANG_WARN_INFINITE_RECURSION = YES;
				CLANG_WARN_INT_CONVERSION = YES;
				CLANG_WARN_NON_LITERAL_NULL_CONVERSION = YES;
				CLANG_WARN_OBJC_IMPLICIT_RETAIN_SELF = YES;
				CLANG_WARN_OBJC_LITERAL_CONVERSION = YES;
				CLANG_WARN_OBJC_ROOT_CLASS = YES_ERROR;
				CLANG_WARN_QUOTED_INCLUDE_IN_FRAMEWORK_HEADER = YES;
				CLANG_WARN_RANGE_LOOP_ANALYSIS = YES;
				CLANG_WARN_STRICT_PROTOTYPES = YES;
				CLANG_WARN_SUSPICIOUS_MOVE = YES;
				CLANG_WARN_UNGUARDED_AVAILABILITY = YES_AGGRESSIVE;
				CLANG_WARN_UNREACHABLE_CODE = YES;
				CLANG_WARN__DUPLICATE_METHOD_MATCH = YES;
				COPY_PHASE_STRIP = NO;
				DEBUG_INFORMATION_FORMAT = dwarf;
				ENABLE_STRICT_OBJC_MSGSEND = YES;
				ENABLE_TESTABILITY = YES;
				ENABLE_USER_SCRIPT_SANDBOXING = YES;
				GCC_C_LANGUAGE_STANDARD = gnu17;
				GCC_DYNAMIC_NO_PIC = NO;
				GCC_NO_COMMON_BLOCKS = YES;
				GCC_OPTIMIZATION_LEVEL = 0;
				GCC_PREPROCESSOR_DEFINITIONS = (
					"DEBUG=1",
					"$(inherited)",
				);
				GCC_WARN_64_TO_32_BIT_CONVERSION = YES;
				GCC_WARN_ABOUT_RETURN_TYPE = YES_ERROR;
				GCC_WARN_UNDECLARED_SELECTOR = YES;
				GCC_WARN_UNINITIALIZED_AUTOS = YES_AGGRESSIVE;
				GCC_WARN_UNUSED_FUNCTION = YES;
				GCC_WARN_UNUSED_VARIABLE = YES;
				IPHONEOS_DEPLOYMENT_TARGET = 17.5;
				LOCALIZATION_PREFERS_STRING_CATALOGS = YES;
				MTL_ENABLE_DEBUG_INFO = INCLUDE_SOURCE;
				MTL_FAST_MATH = YES;
				ONLY_ACTIVE_ARCH = YES;
				SDKROOT = iphoneos;
				SWIFT_ACTIVE_COMPILATION_CONDITIONS = "DEBUG $(inherited)";
				SWIFT_OPTIMIZATION_LEVEL = "-Onone";
			};
			name = Debug;
		};
		C6CF9EEE2D1C08D80084E56B /* Release */ = {
			isa = XCBuildConfiguration;
			buildSettings = {
				ALWAYS_SEARCH_USER_PATHS = NO;
				ASSETCATALOG_COMPILER_GENERATE_SWIFT_ASSET_SYMBOL_EXTENSIONS = YES;
				CLANG_ANALYZER_NONNULL = YES;
				CLANG_ANALYZER_NUMBER_OBJECT_CONVERSION = YES_AGGRESSIVE;
				CLANG_CXX_LANGUAGE_STANDARD = "gnu++20";
				CLANG_ENABLE_MODULES = YES;
				CLANG_ENABLE_OBJC_ARC = YES;
				CLANG_ENABLE_OBJC_WEAK = YES;
				CLANG_WARN_BLOCK_CAPTURE_AUTORELEASING = YES;
				CLANG_WARN_BOOL_CONVERSION = YES;
				CLANG_WARN_COMMA = YES;
				CLANG_WARN_CONSTANT_CONVERSION = YES;
				CLANG_WARN_DEPRECATED_OBJC_IMPLEMENTATIONS = YES;
				CLANG_WARN_DIRECT_OBJC_ISA_USAGE = YES_ERROR;
				CLANG_WARN_DOCUMENTATION_COMMENTS = YES;
				CLANG_WARN_EMPTY_BODY = YES;
				CLANG_WARN_ENUM_CONVERSION = YES;
				CLANG_WARN_INFINITE_RECURSION = YES;
				CLANG_WARN_INT_CONVERSION = YES;
				CLANG_WARN_NON_LITERAL_NULL_CONVERSION = YES;
				CLANG_WARN_OBJC_IMPLICIT_RETAIN_SELF = YES;
				CLANG_WARN_OBJC_LITERAL_CONVERSION = YES;
				CLANG_WARN_OBJC_ROOT_CLASS = YES_ERROR;
				CLANG_WARN_QUOTED_INCLUDE_IN_FRAMEWORK_HEADER = YES;
				CLANG_WARN_RANGE_LOOP_ANALYSIS = YES;
				CLANG_WARN_STRICT_PROTOTYPES = YES;
				CLANG_WARN_SUSPICIOUS_MOVE = YES;
				CLANG_WARN_UNGUARDED_AVAILABILITY = YES_AGGRESSIVE;
				CLANG_WARN_UNREACHABLE_CODE = YES;
				CLANG_WARN__DUPLICATE_METHOD_MATCH = YES;
				COPY_PHASE_STRIP = NO;
				DEBUG_INFORMATION_FORMAT = "dwarf-with-dsym";
				ENABLE_NS_ASSERTIONS = NO;
				ENABLE_STRICT_OBJC_MSGSEND = YES;
				ENABLE_USER_SCRIPT_SANDBOXING = YES;
				GCC_C_LANGUAGE_STANDARD = gnu17;
				GCC_NO_COMMON_BLOCKS = YES;
				GCC_WARN_64_TO_32_BIT_CONVERSION = YES;
				GCC_WARN_ABOUT_RETURN_TYPE = YES_ERROR;
				GCC_WARN_UNDECLARED_SELECTOR = YES;
				GCC_WARN_UNINITIALIZED_AUTOS = YES_AGGRESSIVE;
				GCC_WARN_UNUSED_FUNCTION = YES;
				GCC_WARN_UNUSED_VARIABLE = YES;
				IPHONEOS_DEPLOYMENT_TARGET = 17.5;
				LOCALIZATION_PREFERS_STRING_CATALOGS = YES;
				MTL_ENABLE_DEBUG_INFO = NO;
				MTL_FAST_MATH = YES;
				SDKROOT = iphoneos;
				SWIFT_COMPILATION_MODE = wholemodule;
				VALIDATE_PRODUCT = YES;
			};
			name = Release;
		};
		C6CF9EF02D1C08D80084E56B /* Debug */ = {
			isa = XCBuildConfiguration;
			buildSettings = {
				ASSETCATALOG_COMPILER_APPICON_NAME = AppIcon;
				ASSETCATALOG_COMPILER_GLOBAL_ACCENT_COLOR_NAME = AccentColor;
				CODE_SIGN_STYLE = Automatic;
				CURRENT_PROJECT_VERSION = 1;
				DEVELOPMENT_ASSET_PATHS = "\"PadelApp/Preview Content\"";
				DEVELOPMENT_TEAM = CA965MJFVW;
				ENABLE_PREVIEWS = YES;
				GENERATE_INFOPLIST_FILE = YES;
				INFOPLIST_KEY_UIApplicationSceneManifest_Generation = YES;
				INFOPLIST_KEY_UIApplicationSupportsIndirectInputEvents = YES;
				INFOPLIST_KEY_UILaunchScreen_Generation = YES;
				INFOPLIST_KEY_UISupportedInterfaceOrientations_iPad = "UIInterfaceOrientationPortrait UIInterfaceOrientationPortraitUpsideDown UIInterfaceOrientationLandscapeLeft UIInterfaceOrientationLandscapeRight";
				INFOPLIST_KEY_UISupportedInterfaceOrientations_iPhone = "UIInterfaceOrientationPortrait UIInterfaceOrientationLandscapeLeft UIInterfaceOrientationLandscapeRight";
				LD_RUNPATH_SEARCH_PATHS = (
					"$(inherited)",
					"@executable_path/Frameworks",
				);
				MARKETING_VERSION = 1.0;
				PRODUCT_BUNDLE_IDENTIFIER = lebsports.PadelApp;
				PRODUCT_NAME = "$(TARGET_NAME)";
				SWIFT_EMIT_LOC_STRINGS = YES;
				SWIFT_VERSION = 5.0;
				TARGETED_DEVICE_FAMILY = "1,2";
			};
			name = Debug;
		};
		C6CF9EF12D1C08D80084E56B /* Release */ = {
			isa = XCBuildConfiguration;
			buildSettings = {
				ASSETCATALOG_COMPILER_APPICON_NAME = AppIcon;
				ASSETCATALOG_COMPILER_GLOBAL_ACCENT_COLOR_NAME = AccentColor;
				CODE_SIGN_STYLE = Automatic;
				CURRENT_PROJECT_VERSION = 1;
				DEVELOPMENT_ASSET_PATHS = "\"PadelApp/Preview Content\"";
				DEVELOPMENT_TEAM = CA965MJFVW;
				ENABLE_PREVIEWS = YES;
				GENERATE_INFOPLIST_FILE = YES;
				INFOPLIST_KEY_UIApplicationSceneManifest_Generation = YES;
				INFOPLIST_KEY_UIApplicationSupportsIndirectInputEvents = YES;
				INFOPLIST_KEY_UILaunchScreen_Generation = YES;
				INFOPLIST_KEY_UISupportedInterfaceOrientations_iPad = "UIInterfaceOrientationPortrait UIInterfaceOrientationPortraitUpsideDown UIInterfaceOrientationLandscapeLeft UIInterfaceOrientationLandscapeRight";
				INFOPLIST_KEY_UISupportedInterfaceOrientations_iPhone = "UIInterfaceOrientationPortrait UIInterfaceOrientationLandscapeLeft UIInterfaceOrientationLandscapeRight";
				LD_RUNPATH_SEARCH_PATHS = (
					"$(inherited)",
					"@executable_path/Frameworks",
				);
				MARKETING_VERSION = 1.0;
				PRODUCT_BUNDLE_IDENTIFIER = lebsports.PadelApp;
				PRODUCT_NAME = "$(TARGET_NAME)";
				SWIFT_EMIT_LOC_STRINGS = YES;
				SWIFT_VERSION = 5.0;
				TARGETED_DEVICE_FAMILY = "1,2";
			};
			name = Release;
		};
/* End XCBuildConfiguration section */

/* Begin XCConfigurationList section */
		C6CF9EDC2D1C08D70084E56B /* Build configuration list for PBXProject "PadelApp" */ = {
			isa = XCConfigurationList;
			buildConfigurations = (
				C6CF9EED2D1C08D80084E56B /* Debug */,
				C6CF9EEE2D1C08D80084E56B /* Release */,
			);
			defaultConfigurationIsVisible = 0;
			defaultConfigurationName = Release;
		};
		C6CF9EEF2D1C08D80084E56B /* Build configuration list for PBXNativeTarget "PadelApp" */ = {
			isa = XCConfigurationList;
			buildConfigurations = (
				C6CF9EF02D1C08D80084E56B /* Debug */,
				C6CF9EF12D1C08D80084E56B /* Release */,
			);
			defaultConfigurationIsVisible = 0;
			defaultConfigurationName = Release;
		};
/* End XCConfigurationList section */

/* Begin XCRemoteSwiftPackageReference section */
		C6CF9EF42D1C0B880084E56B /* XCRemoteSwiftPackageReference "firebase-ios-sdk" */ = {
			isa = XCRemoteSwiftPackageReference;
			repositoryURL = "https://github.com/firebase/firebase-ios-sdk";
			requirement = {
				kind = upToNextMajorVersion;
				minimumVersion = 11.6.0;
			};
		};
/* End XCRemoteSwiftPackageReference section */

/* Begin XCSwiftPackageProductDependency section */
		C6CF9EF52D1C0B880084E56B /* FirebaseAnalytics */ = {
			isa = XCSwiftPackageProductDependency;
			package = C6CF9EF42D1C0B880084E56B /* XCRemoteSwiftPackageReference "firebase-ios-sdk" */;
			productName = FirebaseAnalytics;
		};
		C6CF9EF72D1C0B880084E56B /* FirebaseAnalyticsOnDeviceConversion */ = {
			isa = XCSwiftPackageProductDependency;
			package = C6CF9EF42D1C0B880084E56B /* XCRemoteSwiftPackageReference "firebase-ios-sdk" */;
			productName = FirebaseAnalyticsOnDeviceConversion;
		};
		C6CF9EF92D1C0B880084E56B /* FirebaseAnalyticsWithoutAdIdSupport */ = {
			isa = XCSwiftPackageProductDependency;
			package = C6CF9EF42D1C0B880084E56B /* XCRemoteSwiftPackageReference "firebase-ios-sdk" */;
			productName = FirebaseAnalyticsWithoutAdIdSupport;
		};
		C6CF9EFB2D1C0B880084E56B /* FirebaseAppCheck */ = {
			isa = XCSwiftPackageProductDependency;
			package = C6CF9EF42D1C0B880084E56B /* XCRemoteSwiftPackageReference "firebase-ios-sdk" */;
			productName = FirebaseAppCheck;
		};
		C6CF9EFD2D1C0B880084E56B /* FirebaseAppDistribution-Beta */ = {
			isa = XCSwiftPackageProductDependency;
			package = C6CF9EF42D1C0B880084E56B /* XCRemoteSwiftPackageReference "firebase-ios-sdk" */;
			productName = "FirebaseAppDistribution-Beta";
		};
		C6CF9EFF2D1C0B880084E56B /* FirebaseAuth */ = {
			isa = XCSwiftPackageProductDependency;
			package = C6CF9EF42D1C0B880084E56B /* XCRemoteSwiftPackageReference "firebase-ios-sdk" */;
			productName = FirebaseAuth;
		};
		C6CF9F012D1C0B880084E56B /* FirebaseAuthCombine-Community */ = {
			isa = XCSwiftPackageProductDependency;
			package = C6CF9EF42D1C0B880084E56B /* XCRemoteSwiftPackageReference "firebase-ios-sdk" */;
			productName = "FirebaseAuthCombine-Community";
		};
		C6CF9F032D1C0B880084E56B /* FirebaseCore */ = {
			isa = XCSwiftPackageProductDependency;
			package = C6CF9EF42D1C0B880084E56B /* XCRemoteSwiftPackageReference "firebase-ios-sdk" */;
			productName = FirebaseCore;
		};
		C6CF9F052D1C0B880084E56B /* FirebaseCrashlytics */ = {
			isa = XCSwiftPackageProductDependency;
			package = C6CF9EF42D1C0B880084E56B /* XCRemoteSwiftPackageReference "firebase-ios-sdk" */;
			productName = FirebaseCrashlytics;
		};
		C6CF9F072D1C0B880084E56B /* FirebaseDatabase */ = {
			isa = XCSwiftPackageProductDependency;
			package = C6CF9EF42D1C0B880084E56B /* XCRemoteSwiftPackageReference "firebase-ios-sdk" */;
			productName = FirebaseDatabase;
		};
		C6CF9F092D1C0B880084E56B /* FirebaseDynamicLinks */ = {
			isa = XCSwiftPackageProductDependency;
			package = C6CF9EF42D1C0B880084E56B /* XCRemoteSwiftPackageReference "firebase-ios-sdk" */;
			productName = FirebaseDynamicLinks;
		};
		C6CF9F0B2D1C0B880084E56B /* FirebaseFirestore */ = {
			isa = XCSwiftPackageProductDependency;
			package = C6CF9EF42D1C0B880084E56B /* XCRemoteSwiftPackageReference "firebase-ios-sdk" */;
			productName = FirebaseFirestore;
		};
		C6CF9F0D2D1C0B880084E56B /* FirebaseFirestoreCombine-Community */ = {
			isa = XCSwiftPackageProductDependency;
			package = C6CF9EF42D1C0B880084E56B /* XCRemoteSwiftPackageReference "firebase-ios-sdk" */;
			productName = "FirebaseFirestoreCombine-Community";
		};
		C6CF9F0F2D1C0B880084E56B /* FirebaseFunctions */ = {
			isa = XCSwiftPackageProductDependency;
			package = C6CF9EF42D1C0B880084E56B /* XCRemoteSwiftPackageReference "firebase-ios-sdk" */;
			productName = FirebaseFunctions;
		};
		C6CF9F112D1C0B880084E56B /* FirebaseFunctionsCombine-Community */ = {
			isa = XCSwiftPackageProductDependency;
			package = C6CF9EF42D1C0B880084E56B /* XCRemoteSwiftPackageReference "firebase-ios-sdk" */;
			productName = "FirebaseFunctionsCombine-Community";
		};
		C6CF9F132D1C0B880084E56B /* FirebaseInAppMessaging-Beta */ = {
			isa = XCSwiftPackageProductDependency;
			package = C6CF9EF42D1C0B880084E56B /* XCRemoteSwiftPackageReference "firebase-ios-sdk" */;
			productName = "FirebaseInAppMessaging-Beta";
		};
		C6CF9F152D1C0B880084E56B /* FirebaseInstallations */ = {
			isa = XCSwiftPackageProductDependency;
			package = C6CF9EF42D1C0B880084E56B /* XCRemoteSwiftPackageReference "firebase-ios-sdk" */;
			productName = FirebaseInstallations;
		};
		C6CF9F172D1C0B880084E56B /* FirebaseMLModelDownloader */ = {
			isa = XCSwiftPackageProductDependency;
			package = C6CF9EF42D1C0B880084E56B /* XCRemoteSwiftPackageReference "firebase-ios-sdk" */;
			productName = FirebaseMLModelDownloader;
		};
		C6CF9F192D1C0B880084E56B /* FirebaseMessaging */ = {
			isa = XCSwiftPackageProductDependency;
			package = C6CF9EF42D1C0B880084E56B /* XCRemoteSwiftPackageReference "firebase-ios-sdk" */;
			productName = FirebaseMessaging;
		};
		C6CF9F1B2D1C0B880084E56B /* FirebasePerformance */ = {
			isa = XCSwiftPackageProductDependency;
			package = C6CF9EF42D1C0B880084E56B /* XCRemoteSwiftPackageReference "firebase-ios-sdk" */;
			productName = FirebasePerformance;
		};
		C6CF9F1D2D1C0B880084E56B /* FirebaseStorage */ = {
			isa = XCSwiftPackageProductDependency;
			package = C6CF9EF42D1C0B880084E56B /* XCRemoteSwiftPackageReference "firebase-ios-sdk" */;
			productName = FirebaseStorage;
		};
		C6CF9F1F2D1C0B880084E56B /* FirebaseStorageCombine-Community */ = {
			isa = XCSwiftPackageProductDependency;
			package = C6CF9EF42D1C0B880084E56B /* XCRemoteSwiftPackageReference "firebase-ios-sdk" */;
			productName = "FirebaseStorageCombine-Community";
		};
		C6CF9F212D1C0B880084E56B /* FirebaseVertexAI */ = {
			isa = XCSwiftPackageProductDependency;
			package = C6CF9EF42D1C0B880084E56B /* XCRemoteSwiftPackageReference "firebase-ios-sdk" */;
			productName = FirebaseVertexAI;
		};
/* End XCSwiftPackageProductDependency section */
	};
	rootObject = C6CF9ED92D1C08D70084E56B /* Project object */;
}
